
Microsoft Visual Studio Solution File, Format Version 12.00
# Visual Studio Version 17
VisualStudioVersion = 17.9.34701.34
MinimumVisualStudioVersion = 10.0.40219.1
Project("{9A19103F-16F7-4668-BE54-9A1E7A4F7556}") = "PizzaMenuTest", "PizzaMenuTest\PizzaMenuTest.csproj", "{B6695704-7278-4BB5-87F8-8348FE99247A}"
EndProject
Global
	GlobalSection(SolutionConfigurationPlatforms) = preSolution
		Debug|Any CPU = Debug|Any CPU
		Release|Any CPU = Release|Any CPU
	EndGlobalSection
	GlobalSection(ProjectConfigurationPlatforms) = postSolution
		{B6695704-7278-4BB5-87F8-8348FE99247A}.Debug|Any CPU.ActiveCfg = Debug|Any CPU
		{B6695704-7278-4BB5-87F8-8348FE99247A}.Debug|Any CPU.Build.0 = Debug|Any CPU
		{B6695704-7278-4BB5-87F8-8348FE99247A}.Release|Any CPU.ActiveCfg = Release|Any CPU
		{B6695704-7278-4BB5-87F8-8348FE99247A}.Release|Any CPU.Build.0 = Release|Any CPU
	EndGlobalSection
	GlobalSection(SolutionProperties) = preSolution
		HideSolutionNode = FALSE
	EndGlobalSection
	GlobalSection(ExtensibilityGlobals) = postSolution
		SolutionGuid = {907EBCB0-1DCB-4F94-9B14-372F45295D28}
	EndGlobalSection
EndGlobal
